{
  "name": "unheardof",
  "lockfileVersion": 3,
  "requires": true,
  "packages": {
    "": {
      "name": "unheardof",
      "dependencies": {
        "@prisma/client": "^6.10.1",
        "better-auth": "^1.2.10",
        "hono": "^4.8.3"
      },
      "devDependencies": {
        "@types/bun": "latest",
        "prisma": "^6.10.1"
      }
    },
    "node_modules/@better-auth/utils": {
      "version": "0.2.5",
      "license": "MIT",
      "dependencies": {
        "typescript": "^5.8.2",
        "uncrypto": "^0.1.3"
      }
    },
    "node_modules/@better-fetch/fetch": {
      "version": "1.1.18"
    },
    "node_modules/@hexagon/base64": {
      "version": "1.1.28",
      "license": "MIT"
    },
    "node_modules/@levischuck/tiny-cbor": {
      "version": "0.2.11",
      "license": "MIT"
    },
    "node_modules/@noble/ciphers": {
      "version": "0.6.0",
      "license": "MIT",
      "funding": {
        "url": "https://paulmillr.com/funding/"
      }
    },
    "node_modules/@noble/hashes": {
      "version": "1.8.0",
      "license": "MIT",
      "engines": {
        "node": "^14.21.3 || >=16"
      },
      "funding": {
        "url": "https://paulmillr.com/funding/"
      }
    },
    "node_modules/@peculiar/asn1-android": {
      "version": "2.3.16",
      "license": "MIT",
      "dependencies": {
        "@peculiar/asn1-schema": "^2.3.15",
        "asn1js": "^3.0.5",
        "tslib": "^2.8.1"
      }
    },
    "node_modules/@peculiar/asn1-ecc": {
      "version": "2.3.15",
      "license": "MIT",
      "dependencies": {
        "@peculiar/asn1-schema": "^2.3.15",
        "@peculiar/asn1-x509": "^2.3.15",
        "asn1js": "^3.0.5",
        "tslib": "^2.8.1"
      }
    },
    "node_modules/@peculiar/asn1-rsa": {
      "version": "2.3.15",
      "license": "MIT",
      "dependencies": {
        "@peculiar/asn1-schema": "^2.3.15",
        "@peculiar/asn1-x509": "^2.3.15",
        "asn1js": "^3.0.5",
        "tslib": "^2.8.1"
      }
    },
    "node_modules/@peculiar/asn1-schema": {
      "version": "2.3.15",
      "license": "MIT",
      "dependencies": {
        "asn1js": "^3.0.5",
        "pvtsutils": "^1.3.6",
        "tslib": "^2.8.1"
      }
    },
    "node_modules/@peculiar/asn1-x509": {
      "version": "2.3.15",
      "license": "MIT",
      "dependencies": {
        "@peculiar/asn1-schema": "^2.3.15",
        "asn1js": "^3.0.5",
        "pvtsutils": "^1.3.6",
        "tslib": "^2.8.1"
      }
    },
    "node_modules/@prisma/client": {
      "version": "6.10.1",
      "resolved": "https://registry.npmjs.org/@prisma/client/-/client-6.10.1.tgz",
      "integrity": "sha512-Re4pMlcUsQsUTAYMK7EJ4Bw2kg3WfZAAlr8GjORJaK4VOP6LxRQUQ1TuLnxcF42XqGkWQ36q5CQF1yVadANQ6w==",
      "hasInstallScript": true,
      "license": "Apache-2.0",
      "engines": {
        "node": ">=18.18"
      },
      "peerDependencies": {
        "prisma": "*",
        "typescript": ">=5.1.0"
      },
      "peerDependenciesMeta": {
        "prisma": {
          "optional": true
        },
        "typescript": {
          "optional": true
        }
      }
    },
    "node_modules/@prisma/config": {
      "version": "6.10.1",
      "devOptional": true,
      "license": "Apache-2.0",
      "dependencies": {
        "jiti": "2.4.2"
      }
    },
    "node_modules/@prisma/debug": {
      "version": "6.10.1",
      "devOptional": true,
      "license": "Apache-2.0"
    },
    "node_modules/@prisma/engines": {
      "version": "6.10.1",
      "devOptional": true,
      "hasInstallScript": true,
      "license": "Apache-2.0",
      "dependencies": {
        "@prisma/debug": "6.10.1",
        "@prisma/engines-version": "6.10.1-1.9b628578b3b7cae625e8c927178f15a170e74a9c",
        "@prisma/fetch-engine": "6.10.1",
        "@prisma/get-platform": "6.10.1"
      }
    },
    "node_modules/@prisma/engines-version": {
      "version": "6.10.1-1.9b628578b3b7cae625e8c927178f15a170e74a9c",
      "devOptional": true,
      "license": "Apache-2.0"
    },
    "node_modules/@prisma/fetch-engine": {
      "version": "6.10.1",
      "devOptional": true,
      "license": "Apache-2.0",
      "dependencies": {
        "@prisma/debug": "6.10.1",
        "@prisma/engines-version": "6.10.1-1.9b628578b3b7cae625e8c927178f15a170e74a9c",
        "@prisma/get-platform": "6.10.1"
      }
    },
    "node_modules/@prisma/get-platform": {
      "version": "6.10.1",
      "devOptional": true,
      "license": "Apache-2.0",
      "dependencies": {
        "@prisma/debug": "6.10.1"
      }
    },
    "node_modules/@simplewebauthn/browser": {
      "version": "13.1.0",
      "license": "MIT"
    },
    "node_modules/@simplewebauthn/server": {
      "version": "13.1.1",
      "license": "MIT",
      "dependencies": {
        "@hexagon/base64": "^1.1.27",
        "@levischuck/tiny-cbor": "^0.2.2",
        "@peculiar/asn1-android": "^2.3.10",
        "@peculiar/asn1-ecc": "^2.3.8",
        "@peculiar/asn1-rsa": "^2.3.8",
        "@peculiar/asn1-schema": "^2.3.8",
        "@peculiar/asn1-x509": "^2.3.8"
      },
      "engines": {
        "node": ">=20.0.0"
      }
    },
    "node_modules/@types/bun": {
      "version": "1.2.17",
      "resolved": "https://registry.npmjs.org/@types/bun/-/bun-1.2.17.tgz",
      "integrity": "sha512-l/BYs/JYt+cXA/0+wUhulYJB6a6p//GTPiJ7nV+QHa8iiId4HZmnu/3J/SowP5g0rTiERY2kfGKXEK5Ehltx4Q==",
      "dev": true,
      "license": "MIT",
      "dependencies": {
        "bun-types": "1.2.17"
      }
    },
    "node_modules/@types/node": {
      "version": "24.0.4",
      "dev": true,
      "license": "MIT",
      "dependencies": {
        "undici-types": "~7.8.0"
      }
    },
    "node_modules/asn1js": {
      "version": "3.0.6",
      "license": "BSD-3-Clause",
      "dependencies": {
        "pvtsutils": "^1.3.6",
        "pvutils": "^1.1.3",
        "tslib": "^2.8.1"
      },
      "engines": {
        "node": ">=12.0.0"
      }
    },
    "node_modules/better-auth": {
      "version": "1.2.10",
      "license": "MIT",
      "dependencies": {
        "@better-auth/utils": "0.2.5",
        "@better-fetch/fetch": "^1.1.18",
        "@noble/ciphers": "^0.6.0",
        "@noble/hashes": "^1.6.1",
        "@simplewebauthn/browser": "^13.0.0",
        "@simplewebauthn/server": "^13.0.0",
        "better-call": "^1.0.8",
        "defu": "^6.1.4",
        "jose": "^5.9.6",
        "kysely": "^0.28.2",
        "nanostores": "^0.11.3",
        "zod": "^3.24.1"
      }
    },
    "node_modules/better-call": {
      "version": "1.0.9",
      "dependencies": {
        "@better-fetch/fetch": "^1.1.4",
        "rou3": "^0.5.1",
        "set-cookie-parser": "^2.7.1",
        "uncrypto": "^0.1.3"
      }
    },
    "node_modules/bun-types": {
      "version": "1.2.17",
      "dev": true,
      "license": "MIT",
      "dependencies": {
        "@types/node": "*"
      }
    },
    "node_modules/defu": {
      "version": "6.1.4",
      "license": "MIT"
    },
    "node_modules/hono": {
      "version": "4.8.3",
      "license": "MIT",
      "engines": {
        "node": ">=16.9.0"
      }
    },
    "node_modules/jiti": {
      "version": "2.4.2",
      "devOptional": true,
      "license": "MIT",
      "bin": {
        "jiti": "lib/jiti-cli.mjs"
      }
    },
    "node_modules/jose": {
      "version": "5.10.0",
      "license": "MIT",
      "funding": {
        "url": "https://github.com/sponsors/panva"
      }
    },
    "node_modules/kysely": {
      "version": "0.28.2",
      "license": "MIT",
      "engines": {
        "node": ">=18.0.0"
      }
    },
    "node_modules/nanostores": {
      "version": "0.11.4",
      "funding": [
        {
          "type": "github",
          "url": "https://github.com/sponsors/ai"
        }
      ],
      "license": "MIT",
      "engines": {
        "node": "^18.0.0 || >=20.0.0"
      }
    },
    "node_modules/prisma": {
      "version": "6.10.1",
      "devOptional": true,
      "hasInstallScript": true,
      "license": "Apache-2.0",
      "dependencies": {
        "@prisma/config": "6.10.1",
        "@prisma/engines": "6.10.1"
      },
      "bin": {
        "prisma": "build/index.js"
      },
      "engines": {
        "node": ">=18.18"
      },
      "peerDependencies": {
        "typescript": ">=5.1.0"
      },
      "peerDependenciesMeta": {
        "typescript": {
          "optional": true
        }
      }
    },
    "node_modules/pvtsutils": {
      "version": "1.3.6",
      "license": "MIT",
      "dependencies": {
        "tslib": "^2.8.1"
      }
    },
    "node_modules/pvutils": {
      "version": "1.1.3",
      "license": "MIT",
      "engines": {
        "node": ">=6.0.0"
      }
    },
    "node_modules/rou3": {
      "version": "0.5.1",
      "license": "MIT"
    },
    "node_modules/set-cookie-parser": {
      "version": "2.7.1",
      "license": "MIT"
    },
    "node_modules/tslib": {
      "version": "2.8.1",
      "license": "0BSD"
    },
    "node_modules/typescript": {
      "version": "5.8.3",
      "license": "Apache-2.0",
      "bin": {
        "tsc": "bin/tsc",
        "tsserver": "bin/tsserver"
      },
      "engines": {
        "node": ">=14.17"
      }
    },
    "node_modules/uncrypto": {
      "version": "0.1.3",
      "license": "MIT"
    },
    "node_modules/undici-types": {
      "version": "7.8.0",
      "dev": true,
      "license": "MIT"
    },
    "node_modules/zod": {
      "version": "3.25.67",
      "license": "MIT",
      "funding": {
        "url": "https://github.com/sponsors/colinhacks"
      }
    }
  }
}
